{
  "name": "hugo-theme-fuji",
  "version": "2.8.2",
  "lockfileVersion": 2,
  "requires": true,
  "packages": {
    "": {
      "name": "hugo-theme-fuji",
      "version": "2.8.2",
      "license": "Apache-2.0",
      "dependencies": {
        "@primer/css": "17.2.1"
      }
    },
    "node_modules/@primer/css": {
      "version": "17.2.1",
      "resolved": "https://registry.npmmirror.com/@primer/css/-/css-17.2.1.tgz",
      "integrity": "sha512-taxClJ79UnLNZPbH4ejgO5sLCsJ5LKiZLCWTqBIbFU+CbIdzW71tq4js5flFhmIRZkLUwqwA7eT+UXYnsx/R8g==",
      "dependencies": {
        "@primer/primitives": "^4.3.5"
      }
    },
    "node_modules/@primer/primitives": {
      "version": "4.8.1",
      "resolved": "https://registry.npmmirror.com/@primer/primitives/-/primitives-4.8.1.tgz",
      "integrity": "sha512-mgr6+EKpn4DixuhLt3drk7QmNQO8M7RYONWovg1nkV7p56jklhDLfZmp1luLUee37eQGAxx3ToStL6gqINFjnQ=="
    }
  },
  "dependencies": {
    "@primer/css": {
      "version": "17.2.1",
      "resolved": "https://registry.npmmirror.com/@primer/css/-/css-17.2.1.tgz",
      "integrity": "sha512-taxClJ79UnLNZPbH4ejgO5sLCsJ5LKiZLCWTqBIbFU+CbIdzW71tq4js5flFhmIRZkLUwqwA7eT+UXYnsx/R8g==",
      "requires": {
        "@primer/primitives": "^4.3.5"
      }
    },
    "@primer/primitives": {
      "version": "4.8.1",
      "resolved": "https://registry.npmmirror.com/@primer/primitives/-/primitives-4.8.1.tgz",
      "integrity": "sha512-mgr6+EKpn4DixuhLt3drk7QmNQO8M7RYONWovg1nkV7p56jklhDLfZmp1luLUee37eQGAxx3ToStL6gqINFjnQ=="
    }
  }
}
